
Microsoft Visual Studio Solution File, Format Version 12.00
# Visual Studio Version 17
VisualStudioVersion = 17.14.36408.4 d17.14
MinimumVisualStudioVersion = 10.0.40219.1
Project("{FAE04EC0-301F-11D3-BF4B-00C04F79EFBC}") = "Desafio01-Rocketseat", "Desafio01-Rocketseat\Desafio01-Rocketseat.csproj", "{90163FB3-F297-4213-9835-6C2ED2770813}"
EndProject
Global
	GlobalSection(SolutionConfigurationPlatforms) = preSolution
		Debug|Any CPU = Debug|Any CPU
		Release|Any CPU = Release|Any CPU
	EndGlobalSection
	GlobalSection(ProjectConfigurationPlatforms) = postSolution
		{90163FB3-F297-4213-9835-6C2ED2770813}.Debug|Any CPU.ActiveCfg = Debug|Any CPU
		{90163FB3-F297-4213-9835-6C2ED2770813}.Debug|Any CPU.Build.0 = Debug|Any CPU
		{90163FB3-F297-4213-9835-6C2ED2770813}.Release|Any CPU.ActiveCfg = Release|Any CPU
		{90163FB3-F297-4213-9835-6C2ED2770813}.Release|Any CPU.Build.0 = Release|Any CPU
	EndGlobalSection
	GlobalSection(SolutionProperties) = preSolution
		HideSolutionNode = FALSE
	EndGlobalSection
	GlobalSection(ExtensibilityGlobals) = postSolution
		SolutionGuid = {4E2361FC-2B6A-4C07-8908-39DFAFA9E426}
	EndGlobalSection
EndGlobal
